
Microsoft Visual Studio Solution File, Format Version 12.00
# Visual Studio Version 17
VisualStudioVersion = 17.5.001.0
MinimumVisualStudioVersion = 10.0.40219.1
Project("{9A19103F-16F7-4668-BE54-9A1E7A4F7556}") = "CollectionAPI", "CollectionAPI.csproj", "{70487FD9-FC2E-4A08-B57A-DEF36037A40C}"
EndProject
Global
	GlobalSection(SolutionConfigurationPlatforms) = preSolution
		Debug|Any CPU = Debug|Any CPU
		Release|Any CPU = Release|Any CPU
	EndGlobalSection
	GlobalSection(ProjectConfigurationPlatforms) = postSolution
		{70487FD9-FC2E-4A08-B57A-DEF36037A40C}.Debug|Any CPU.ActiveCfg = Debug|Any CPU
		{70487FD9-FC2E-4A08-B57A-DEF36037A40C}.Debug|Any CPU.Build.0 = Debug|Any CPU
		{70487FD9-FC2E-4A08-B57A-DEF36037A40C}.Release|Any CPU.ActiveCfg = Release|Any CPU
		{70487FD9-FC2E-4A08-B57A-DEF36037A40C}.Release|Any CPU.Build.0 = Release|Any CPU
	EndGlobalSection
	GlobalSection(SolutionProperties) = preSolution
		HideSolutionNode = FALSE
	EndGlobalSection
	GlobalSection(ExtensibilityGlobals) = postSolution
		SolutionGuid = {907AE901-CAAE-402A-AF37-B005F6D3C6DC}
	EndGlobalSection
EndGlobal
