
Microsoft Visual Studio Solution File, Format Version 12.00
# Visual Studio Version 17
VisualStudioVersion = 17.5.001.0
MinimumVisualStudioVersion = 10.0.40219.1
Project("{9A19103F-16F7-4668-BE54-9A1E7A4F7556}") = "PaymentAPI", "PaymentAPI.csproj", "{ABF955CC-C5AB-4CC4-845A-26F5C13268C1}"
EndProject
Global
	GlobalSection(SolutionConfigurationPlatforms) = preSolution
		Debug|Any CPU = Debug|Any CPU
		Release|Any CPU = Release|Any CPU
	EndGlobalSection
	GlobalSection(ProjectConfigurationPlatforms) = postSolution
		{ABF955CC-C5AB-4CC4-845A-26F5C13268C1}.Debug|Any CPU.ActiveCfg = Debug|Any CPU
		{ABF955CC-C5AB-4CC4-845A-26F5C13268C1}.Debug|Any CPU.Build.0 = Debug|Any CPU
		{ABF955CC-C5AB-4CC4-845A-26F5C13268C1}.Release|Any CPU.ActiveCfg = Release|Any CPU
		{ABF955CC-C5AB-4CC4-845A-26F5C13268C1}.Release|Any CPU.Build.0 = Release|Any CPU
	EndGlobalSection
	GlobalSection(SolutionProperties) = preSolution
		HideSolutionNode = FALSE
	EndGlobalSection
	GlobalSection(ExtensibilityGlobals) = postSolution
		SolutionGuid = {13005EDE-611C-48FD-AC84-21A0B97085F7}
	EndGlobalSection
EndGlobal
