
Microsoft Visual Studio Solution File, Format Version 12.00
# Visual Studio Version 17
VisualStudioVersion = 17.5.001.0
MinimumVisualStudioVersion = 10.0.40219.1
Project("{9A19103F-16F7-4668-BE54-9A1E7A4F7556}") = "SellsAPI", "SellsAPI.csproj", "{579D18F5-C0A3-4D10-ABFD-4106E1FAA000}"
EndProject
Global
	GlobalSection(SolutionConfigurationPlatforms) = preSolution
		Debug|Any CPU = Debug|Any CPU
		Release|Any CPU = Release|Any CPU
	EndGlobalSection
	GlobalSection(ProjectConfigurationPlatforms) = postSolution
		{579D18F5-C0A3-4D10-ABFD-4106E1FAA000}.Debug|Any CPU.ActiveCfg = Debug|Any CPU
		{579D18F5-C0A3-4D10-ABFD-4106E1FAA000}.Debug|Any CPU.Build.0 = Debug|Any CPU
		{579D18F5-C0A3-4D10-ABFD-4106E1FAA000}.Release|Any CPU.ActiveCfg = Release|Any CPU
		{579D18F5-C0A3-4D10-ABFD-4106E1FAA000}.Release|Any CPU.Build.0 = Release|Any CPU
	EndGlobalSection
	GlobalSection(SolutionProperties) = preSolution
		HideSolutionNode = FALSE
	EndGlobalSection
	GlobalSection(ExtensibilityGlobals) = postSolution
		SolutionGuid = {51EE427D-26CD-4211-A6AC-7285344A0958}
	EndGlobalSection
EndGlobal
